
Microsoft Visual Studio Solution File, Format Version 12.00
# Visual Studio Version 17
VisualStudioVersion = 17.5.002.0
MinimumVisualStudioVersion = 10.0.40219.1
Project("{9A19103F-16F7-4668-BE54-9A1E7A4F7556}") = "Wlisp", "Wlisp.csproj", "{B495F29A-6874-469C-8741-94698C98A31F}"
EndProject
Global
	GlobalSection(SolutionConfigurationPlatforms) = preSolution
		Debug|Any CPU = Debug|Any CPU
		Release|Any CPU = Release|Any CPU
	EndGlobalSection
	GlobalSection(ProjectConfigurationPlatforms) = postSolution
		{B495F29A-6874-469C-8741-94698C98A31F}.Debug|Any CPU.ActiveCfg = Debug|Any CPU
		{B495F29A-6874-469C-8741-94698C98A31F}.Debug|Any CPU.Build.0 = Debug|Any CPU
		{B495F29A-6874-469C-8741-94698C98A31F}.Release|Any CPU.ActiveCfg = Release|Any CPU
		{B495F29A-6874-469C-8741-94698C98A31F}.Release|Any CPU.Build.0 = Release|Any CPU
	EndGlobalSection
	GlobalSection(SolutionProperties) = preSolution
		HideSolutionNode = FALSE
	EndGlobalSection
	GlobalSection(ExtensibilityGlobals) = postSolution
		SolutionGuid = {F6330D6F-5F09-4411-8A1E-C58698170ED8}
	EndGlobalSection
EndGlobal
